{
  "name": "musical-charts",
  "lockfileVersion": 3,
  "requires": true,
  "packages": {
    "": {
      "dependencies": {
        "solmate": "^6.8.0"
      }
    },
    "node_modules/solmate": {
      "version": "6.8.0",
      "resolved": "https://registry.npmjs.org/solmate/-/solmate-6.8.0.tgz",
      "integrity": "sha512-/oI8kgEvSxGG1mrFv3FmCEZd0F8Z9VzRmoYMIhzmmzt6mjtPwfdCm3oh8yOL7bMHJBSfXJuMpnMPrM0uyaKsKg==",
      "license": "AGPL-3.0-only"
    }
  }
}
